// !$*UTF8*$!
{
	archiveVersion = 1;
	classes = {
	};
	objectVersion = 50;
	objects = {

/* Begin PBXBuildFile section */
		0C1E788322585D3F0036A4E3 /* URLCache.m in Sources */ = {isa = PBXBuildFile; fileRef = 0C1E788022585D3F0036A4E3 /* URLCache.m */; settings = {COMPILER_FLAGS = "-fno-objc-arc"; }; };
		0C1E788422585D3F0036A4E3 /* DDURLImageView.m in Sources */ = {isa = PBXBuildFile; fileRef = 0C1E788122585D3F0036A4E3 /* DDURLImageView.m */; settings = {COMPILER_FLAGS = "-fno-objc-arc"; }; };
		0C1E788822585DC30036A4E3 /* DDTimer.m in Sources */ = {isa = PBXBuildFile; fileRef = 0C1E788622585DC30036A4E3 /* DDTimer.m */; settings = {COMPILER_FLAGS = "-fno-objc-arc"; }; };
		0C1E788B225867420036A4E3 /* SampleCell.m in Sources */ = {isa = PBXBuildFile; fileRef = 0C1E7889225867420036A4E3 /* SampleCell.m */; };
		0C2CB73F2258FA60000AD904 /* LoginViewController.m in Sources */ = {isa = PBXBuildFile; fileRef = 0C2CB73E2258FA60000AD904 /* LoginViewController.m */; };
		0C2CB7422258FAAB000AD904 /* RegistViewController.m in Sources */ = {isa = PBXBuildFile; fileRef = 0C2CB7412258FAAB000AD904 /* RegistViewController.m */; };
		0C308D8B224C4A5E000763DD /* DDImagePageScrollView.m in Sources */ = {isa = PBXBuildFile; fileRef = 0C308D89224C4A5E000763DD /* DDImagePageScrollView.m */; settings = {COMPILER_FLAGS = "-fno-objc-arc"; }; };
		0C463AB6226E0FD100868AF1 /* CMSHornView.m in Sources */ = {isa = PBXBuildFile; fileRef = 0C463AB4226E0FD000868AF1 /* CMSHornView.m */; };
		0C463AB9226E15C200868AF1 /* HornCell.m in Sources */ = {isa = PBXBuildFile; fileRef = 0C463AB8226E15C200868AF1 /* HornCell.m */; };
		0C627A1322339AFB00DEC534 /* AppDelegate.m in Sources */ = {isa = PBXBuildFile; fileRef = 0C627A1222339AFB00DEC534 /* AppDelegate.m */; };
		0C627A1B22339AFD00DEC534 /* Assets.xcassets in Resources */ = {isa = PBXBuildFile; fileRef = 0C627A1A22339AFD00DEC534 /* Assets.xcassets */; };
		0C627A1E22339AFD00DEC534 /* LaunchScreen.storyboard in Resources */ = {isa = PBXBuildFile; fileRef = 0C627A1C22339AFD00DEC534 /* LaunchScreen.storyboard */; };
		0C627A2122339AFD00DEC534 /* main.m in Sources */ = {isa = PBXBuildFile; fileRef = 0C627A2022339AFD00DEC534 /* main.m */; };
		0C627A3A2233A60B00DEC534 /* HomeViewController.m in Sources */ = {isa = PBXBuildFile; fileRef = 0C627A392233A60B00DEC534 /* HomeViewController.m */; };
		0C627A3D2233A78400DEC534 /* MsgViewController.m in Sources */ = {isa = PBXBuildFile; fileRef = 0C627A3C2233A78400DEC534 /* MsgViewController.m */; };
		0C627A402233A7A000DEC534 /* HealthViewController.m in Sources */ = {isa = PBXBuildFile; fileRef = 0C627A3F2233A7A000DEC534 /* HealthViewController.m */; };
		0C627A432233A7B600DEC534 /* MineViewController.m in Sources */ = {isa = PBXBuildFile; fileRef = 0C627A422233A7B600DEC534 /* MineViewController.m */; };
		0C8D2D5222366303004754D5 /* JKFunction.m in Sources */ = {isa = PBXBuildFile; fileRef = 0C8D2D5122366303004754D5 /* JKFunction.m */; };
		0CE5BF552258ACF800300C20 /* DDCenter.m in Sources */ = {isa = PBXBuildFile; fileRef = 0CE5BF532258ACF700300C20 /* DDCenter.m */; };
		0CF05B042237E4D00076F932 /* ScrollCell.m in Sources */ = {isa = PBXBuildFile; fileRef = 0CF05B032237E4D00076F932 /* ScrollCell.m */; };
		2FA8522B23F58A2B0052379D /* RDIconsView.m in Sources */ = {isa = PBXBuildFile; fileRef = 2FA8522523F58A2B0052379D /* RDIconsView.m */; };
		2FA8522C23F58A2B0052379D /* RDSlidePageControl.m in Sources */ = {isa = PBXBuildFile; fileRef = 2FA8522723F58A2B0052379D /* RDSlidePageControl.m */; };
		2FA8522D23F58A2B0052379D /* UIImageView+URLImage.m in Sources */ = {isa = PBXBuildFile; fileRef = 2FA8522A23F58A2B0052379D /* UIImageView+URLImage.m */; };
		2FFEC2E123F83DD400F923DC /* IconsCell.m in Sources */ = {isa = PBXBuildFile; fileRef = 2FFEC2DF23F83DD300F923DC /* IconsCell.m */; };
		2FFEC2E423F8451200F923DC /* UserInfo.m in Sources */ = {isa = PBXBuildFile; fileRef = 2FFEC2E323F8451200F923DC /* UserInfo.m */; };
		2FFEC2E923FACED300F923DC /* LeaveManageCell.m in Sources */ = {isa = PBXBuildFile; fileRef = 2FFEC2E723FACED100F923DC /* LeaveManageCell.m */; };
		B651A235D171D7FBE139DF46 /* libPods-JKSchool.a in Frameworks */ = {isa = PBXBuildFile; fileRef = F45E08A957570FB8C1315B5A /* libPods-JKSchool.a */; };
/* End PBXBuildFile section */

/* Begin PBXFileReference section */
		0C1E787F22585D3F0036A4E3 /* DDURLImageView.h */ = {isa = PBXFileReference; fileEncoding = 4; lastKnownFileType = sourcecode.c.h; path = DDURLImageView.h; sourceTree = "<group>"; };
		0C1E788022585D3F0036A4E3 /* URLCache.m */ = {isa = PBXFileReference; fileEncoding = 4; lastKnownFileType = sourcecode.c.objc; path = URLCache.m; sourceTree = "<group>"; };
		0C1E788122585D3F0036A4E3 /* DDURLImageView.m */ = {isa = PBXFileReference; fileEncoding = 4; lastKnownFileType = sourcecode.c.objc; path = DDURLImageView.m; sourceTree = "<group>"; };
		0C1E788222585D3F0036A4E3 /* URLCache.h */ = {isa = PBXFileReference; fileEncoding = 4; lastKnownFileType = sourcecode.c.h; path = URLCache.h; sourceTree = "<group>"; };
		0C1E788622585DC30036A4E3 /* DDTimer.m */ = {isa = PBXFileReference; fileEncoding = 4; lastKnownFileType = sourcecode.c.objc; path = DDTimer.m; sourceTree = "<group>"; };
		0C1E788722585DC30036A4E3 /* DDTimer.h */ = {isa = PBXFileReference; fileEncoding = 4; lastKnownFileType = sourcecode.c.h; path = DDTimer.h; sourceTree = "<group>"; };
		0C1E7889225867420036A4E3 /* SampleCell.m */ = {isa = PBXFileReference; fileEncoding = 4; lastKnownFileType = sourcecode.c.objc; path = SampleCell.m; sourceTree = "<group>"; };
		0C1E788A225867420036A4E3 /* SampleCell.h */ = {isa = PBXFileReference; fileEncoding = 4; lastKnownFileType = sourcecode.c.h; path = SampleCell.h; sourceTree = "<group>"; };
		0C2CB73D2258FA60000AD904 /* LoginViewController.h */ = {isa = PBXFileReference; lastKnownFileType = sourcecode.c.h; path = LoginViewController.h; sourceTree = "<group>"; };
		0C2CB73E2258FA60000AD904 /* LoginViewController.m */ = {isa = PBXFileReference; lastKnownFileType = sourcecode.c.objc; path = LoginViewController.m; sourceTree = "<group>"; };
		0C2CB7402258FAAB000AD904 /* RegistViewController.h */ = {isa = PBXFileReference; lastKnownFileType = sourcecode.c.h; path = RegistViewController.h; sourceTree = "<group>"; };
		0C2CB7412258FAAB000AD904 /* RegistViewController.m */ = {isa = PBXFileReference; lastKnownFileType = sourcecode.c.objc; path = RegistViewController.m; sourceTree = "<group>"; };
		0C308D89224C4A5E000763DD /* DDImagePageScrollView.m */ = {isa = PBXFileReference; fileEncoding = 4; lastKnownFileType = sourcecode.c.objc; path = DDImagePageScrollView.m; sourceTree = "<group>"; };
		0C308D8A224C4A5E000763DD /* DDImagePageScrollView.h */ = {isa = PBXFileReference; fileEncoding = 4; lastKnownFileType = sourcecode.c.h; path = DDImagePageScrollView.h; sourceTree = "<group>"; };
		0C463AB4226E0FD000868AF1 /* CMSHornView.m */ = {isa = PBXFileReference; fileEncoding = 4; lastKnownFileType = sourcecode.c.objc; path = CMSHornView.m; sourceTree = "<group>"; };
		0C463AB5226E0FD000868AF1 /* CMSHornView.h */ = {isa = PBXFileReference; fileEncoding = 4; lastKnownFileType = sourcecode.c.h; path = CMSHornView.h; sourceTree = "<group>"; };
		0C463AB7226E15C200868AF1 /* HornCell.h */ = {isa = PBXFileReference; fileEncoding = 4; lastKnownFileType = sourcecode.c.h; path = HornCell.h; sourceTree = "<group>"; };
		0C463AB8226E15C200868AF1 /* HornCell.m */ = {isa = PBXFileReference; fileEncoding = 4; lastKnownFileType = sourcecode.c.objc; path = HornCell.m; sourceTree = "<group>"; };
		0C627A0E22339AFB00DEC534 /* JKSchool.app */ = {isa = PBXFileReference; explicitFileType = wrapper.application; includeInIndex = 0; path = JKSchool.app; sourceTree = BUILT_PRODUCTS_DIR; };
		0C627A1122339AFB00DEC534 /* AppDelegate.h */ = {isa = PBXFileReference; lastKnownFileType = sourcecode.c.h; path = AppDelegate.h; sourceTree = "<group>"; };
		0C627A1222339AFB00DEC534 /* AppDelegate.m */ = {isa = PBXFileReference; lastKnownFileType = sourcecode.c.objc; path = AppDelegate.m; sourceTree = "<group>"; };
		0C627A1A22339AFD00DEC534 /* Assets.xcassets */ = {isa = PBXFileReference; lastKnownFileType = folder.assetcatalog; path = Assets.xcassets; sourceTree = "<group>"; };
		0C627A1D22339AFD00DEC534 /* Base */ = {isa = PBXFileReference; lastKnownFileType = file.storyboard; name = Base; path = Base.lproj/LaunchScreen.storyboard; sourceTree = "<group>"; };
		0C627A1F22339AFD00DEC534 /* Info.plist */ = {isa = PBXFileReference; lastKnownFileType = text.plist.xml; path = Info.plist; sourceTree = "<group>"; };
		0C627A2022339AFD00DEC534 /* main.m */ = {isa = PBXFileReference; lastKnownFileType = sourcecode.c.objc; path = main.m; sourceTree = "<group>"; };
		0C627A382233A60B00DEC534 /* HomeViewController.h */ = {isa = PBXFileReference; fileEncoding = 4; lastKnownFileType = sourcecode.c.h; path = HomeViewController.h; sourceTree = "<group>"; };
		0C627A392233A60B00DEC534 /* HomeViewController.m */ = {isa = PBXFileReference; fileEncoding = 4; lastKnownFileType = sourcecode.c.objc; path = HomeViewController.m; sourceTree = "<group>"; };
		0C627A3B2233A78400DEC534 /* MsgViewController.h */ = {isa = PBXFileReference; lastKnownFileType = sourcecode.c.h; path = MsgViewController.h; sourceTree = "<group>"; };
		0C627A3C2233A78400DEC534 /* MsgViewController.m */ = {isa = PBXFileReference; lastKnownFileType = sourcecode.c.objc; path = MsgViewController.m; sourceTree = "<group>"; };
		0C627A3E2233A7A000DEC534 /* HealthViewController.h */ = {isa = PBXFileReference; lastKnownFileType = sourcecode.c.h; path = HealthViewController.h; sourceTree = "<group>"; };
		0C627A3F2233A7A000DEC534 /* HealthViewController.m */ = {isa = PBXFileReference; lastKnownFileType = sourcecode.c.objc; path = HealthViewController.m; sourceTree = "<group>"; };
		0C627A412233A7B600DEC534 /* MineViewController.h */ = {isa = PBXFileReference; lastKnownFileType = sourcecode.c.h; path = MineViewController.h; sourceTree = "<group>"; };
		0C627A422233A7B600DEC534 /* MineViewController.m */ = {isa = PBXFileReference; lastKnownFileType = sourcecode.c.objc; path = MineViewController.m; sourceTree = "<group>"; };
		0C8D2D4B2236378C004754D5 /* PrefixHeader.pch */ = {isa = PBXFileReference; lastKnownFileType = sourcecode.c.h; path = PrefixHeader.pch; sourceTree = "<group>"; };
		0C8D2D4F223643BE004754D5 /* Constants.h */ = {isa = PBXFileReference; fileEncoding = 4; lastKnownFileType = sourcecode.c.h; path = Constants.h; sourceTree = "<group>"; };
		0C8D2D5022366303004754D5 /* JKFunction.h */ = {isa = PBXFileReference; lastKnownFileType = sourcecode.c.h; path = JKFunction.h; sourceTree = "<group>"; };
		0C8D2D5122366303004754D5 /* JKFunction.m */ = {isa = PBXFileReference; lastKnownFileType = sourcecode.c.objc; path = JKFunction.m; sourceTree = "<group>"; };
		0CE5BF532258ACF700300C20 /* DDCenter.m */ = {isa = PBXFileReference; fileEncoding = 4; lastKnownFileType = sourcecode.c.objc; path = DDCenter.m; sourceTree = "<group>"; };
		0CE5BF542258ACF800300C20 /* DDCenter.h */ = {isa = PBXFileReference; fileEncoding = 4; lastKnownFileType = sourcecode.c.h; path = DDCenter.h; sourceTree = "<group>"; };
		0CF05B022237E4D00076F932 /* ScrollCell.h */ = {isa = PBXFileReference; fileEncoding = 4; lastKnownFileType = sourcecode.c.h; path = ScrollCell.h; sourceTree = "<group>"; };
		0CF05B032237E4D00076F932 /* ScrollCell.m */ = {isa = PBXFileReference; fileEncoding = 4; lastKnownFileType = sourcecode.c.objc; path = ScrollCell.m; sourceTree = "<group>"; };
		14B747BD835948A13312CD33 /* Pods-JKSchool.release.xcconfig */ = {isa = PBXFileReference; includeInIndex = 1; lastKnownFileType = text.xcconfig; name = "Pods-JKSchool.release.xcconfig"; path = "Pods/Target Support Files/Pods-JKSchool/Pods-JKSchool.release.xcconfig"; sourceTree = "<group>"; };
		2FA8522423F58A2B0052379D /* RDIconsView.h */ = {isa = PBXFileReference; fileEncoding = 4; lastKnownFileType = sourcecode.c.h; path = RDIconsView.h; sourceTree = "<group>"; };
		2FA8522523F58A2B0052379D /* RDIconsView.m */ = {isa = PBXFileReference; fileEncoding = 4; lastKnownFileType = sourcecode.c.objc; path = RDIconsView.m; sourceTree = "<group>"; };
		2FA8522623F58A2B0052379D /* RDSlidePageControl.h */ = {isa = PBXFileReference; fileEncoding = 4; lastKnownFileType = sourcecode.c.h; path = RDSlidePageControl.h; sourceTree = "<group>"; };
		2FA8522723F58A2B0052379D /* RDSlidePageControl.m */ = {isa = PBXFileReference; fileEncoding = 4; lastKnownFileType = sourcecode.c.objc; path = RDSlidePageControl.m; sourceTree = "<group>"; };
		2FA8522923F58A2B0052379D /* UIImageView+URLImage.h */ = {isa = PBXFileReference; fileEncoding = 4; lastKnownFileType = sourcecode.c.h; path = "UIImageView+URLImage.h"; sourceTree = "<group>"; };
		2FA8522A23F58A2B0052379D /* UIImageView+URLImage.m */ = {isa = PBXFileReference; fileEncoding = 4; lastKnownFileType = sourcecode.c.objc; path = "UIImageView+URLImage.m"; sourceTree = "<group>"; };
		2FFEC2DF23F83DD300F923DC /* IconsCell.m */ = {isa = PBXFileReference; fileEncoding = 4; lastKnownFileType = sourcecode.c.objc; path = IconsCell.m; sourceTree = "<group>"; };
		2FFEC2E023F83DD400F923DC /* IconsCell.h */ = {isa = PBXFileReference; fileEncoding = 4; lastKnownFileType = sourcecode.c.h; path = IconsCell.h; sourceTree = "<group>"; };
		2FFEC2E223F8451200F923DC /* UserInfo.h */ = {isa = PBXFileReference; lastKnownFileType = sourcecode.c.h; path = UserInfo.h; sourceTree = "<group>"; };
		2FFEC2E323F8451200F923DC /* UserInfo.m */ = {isa = PBXFileReference; lastKnownFileType = sourcecode.c.objc; path = UserInfo.m; sourceTree = "<group>"; };
		2FFEC2E723FACED100F923DC /* LeaveManageCell.m */ = {isa = PBXFileReference; fileEncoding = 4; lastKnownFileType = sourcecode.c.objc; path = LeaveManageCell.m; sourceTree = "<group>"; };
		2FFEC2E823FACED200F923DC /* LeaveManageCell.h */ = {isa = PBXFileReference; fileEncoding = 4; lastKnownFileType = sourcecode.c.h; path = LeaveManageCell.h; sourceTree = "<group>"; };
		E4FCE38072383688F6346AD2 /* Pods-JKSchool.debug.xcconfig */ = {isa = PBXFileReference; includeInIndex = 1; lastKnownFileType = text.xcconfig; name = "Pods-JKSchool.debug.xcconfig"; path = "Pods/Target Support Files/Pods-JKSchool/Pods-JKSchool.debug.xcconfig"; sourceTree = "<group>"; };
		F45E08A957570FB8C1315B5A /* libPods-JKSchool.a */ = {isa = PBXFileReference; explicitFileType = archive.ar; includeInIndex = 0; path = "libPods-JKSchool.a"; sourceTree = BUILT_PRODUCTS_DIR; };
/* End PBXFileReference section */

/* Begin PBXFrameworksBuildPhase section */
		0C627A0B22339AFB00DEC534 /* Frameworks */ = {
			isa = PBXFrameworksBuildPhase;
			buildActionMask = 2147483647;
			files = (
				B651A235D171D7FBE139DF46 /* libPods-JKSchool.a in Frameworks */,
			);
			runOnlyForDeploymentPostprocessing = 0;
		};
/* End PBXFrameworksBuildPhase section */

/* Begin PBXGroup section */
		080192B9186B10CB0F22E93D /* Pods */ = {
			isa = PBXGroup;
			children = (
				E4FCE38072383688F6346AD2 /* Pods-JKSchool.debug.xcconfig */,
				14B747BD835948A13312CD33 /* Pods-JKSchool.release.xcconfig */,
			);
			name = Pods;
			sourceTree = "<group>";
		};
		0C1E787E22585D3F0036A4E3 /* DDURLImageView */ = {
			isa = PBXGroup;
			children = (
				0C1E787F22585D3F0036A4E3 /* DDURLImageView.h */,
				0C1E788122585D3F0036A4E3 /* DDURLImageView.m */,
				0C1E788222585D3F0036A4E3 /* URLCache.h */,
				0C1E788022585D3F0036A4E3 /* URLCache.m */,
			);
			path = DDURLImageView;
			sourceTree = "<group>";
		};
		0C1E788522585DC30036A4E3 /* DDTimer */ = {
			isa = PBXGroup;
			children = (
				0C1E788622585DC30036A4E3 /* DDTimer.m */,
				0C1E788722585DC30036A4E3 /* DDTimer.h */,
			);
			path = DDTimer;
			sourceTree = "<group>";
		};
		0C2CB73C2258FA3A000AD904 /* Login */ = {
			isa = PBXGroup;
			children = (
				0C2CB73D2258FA60000AD904 /* LoginViewController.h */,
				0C2CB73E2258FA60000AD904 /* LoginViewController.m */,
				0C2CB7402258FAAB000AD904 /* RegistViewController.h */,
				0C2CB7412258FAAB000AD904 /* RegistViewController.m */,
				2FFEC2E223F8451200F923DC /* UserInfo.h */,
				2FFEC2E323F8451200F923DC /* UserInfo.m */,
			);
			path = Login;
			sourceTree = "<group>";
		};
		0C308D87224C4A5E000763DD /* Common */ = {
			isa = PBXGroup;
			children = (
				2FA8522823F58A2B0052379D /* Category */,
				2FA8522323F58A2B0052379D /* RDIconsView */,
				0C463AB3226E0FD000868AF1 /* CMSHornView */,
				0C1E788522585DC30036A4E3 /* DDTimer */,
				0C1E787E22585D3F0036A4E3 /* DDURLImageView */,
				0C308D88224C4A5E000763DD /* DDImagePageScrollView */,
			);
			path = Common;
			sourceTree = "<group>";
		};
		0C308D88224C4A5E000763DD /* DDImagePageScrollView */ = {
			isa = PBXGroup;
			children = (
				0C308D8A224C4A5E000763DD /* DDImagePageScrollView.h */,
				0C308D89224C4A5E000763DD /* DDImagePageScrollView.m */,
			);
			path = DDImagePageScrollView;
			sourceTree = "<group>";
		};
		0C463AB3226E0FD000868AF1 /* CMSHornView */ = {
			isa = PBXGroup;
			children = (
				0C463AB5226E0FD000868AF1 /* CMSHornView.h */,
				0C463AB4226E0FD000868AF1 /* CMSHornView.m */,
			);
			path = CMSHornView;
			sourceTree = "<group>";
		};
		0C627A0522339AFB00DEC534 = {
			isa = PBXGroup;
			children = (
				0C627A1022339AFB00DEC534 /* JKSchool */,
				0C627A0F22339AFB00DEC534 /* Products */,
				080192B9186B10CB0F22E93D /* Pods */,
				A988E32387995A262F768A84 /* Frameworks */,
			);
			sourceTree = "<group>";
		};
		0C627A0F22339AFB00DEC534 /* Products */ = {
			isa = PBXGroup;
			children = (
				0C627A0E22339AFB00DEC534 /* JKSchool.app */,
			);
			name = Products;
			sourceTree = "<group>";
		};
		0C627A1022339AFB00DEC534 /* JKSchool */ = {
			isa = PBXGroup;
			children = (
				0C2CB73C2258FA3A000AD904 /* Login */,
				0C627A372233A5EB00DEC534 /* Home */,
				0C627A2722339C8400DEC534 /* Health */,
				0C627A2922339C8400DEC534 /* Message */,
				0C627A2822339C8400DEC534 /* Mine */,
				0C308D87224C4A5E000763DD /* Common */,
				0C627A1122339AFB00DEC534 /* AppDelegate.h */,
				0C627A1222339AFB00DEC534 /* AppDelegate.m */,
				0CE5BF542258ACF800300C20 /* DDCenter.h */,
				0CE5BF532258ACF700300C20 /* DDCenter.m */,
				0C8D2D4F223643BE004754D5 /* Constants.h */,
				0C8D2D5022366303004754D5 /* JKFunction.h */,
				0C8D2D5122366303004754D5 /* JKFunction.m */,
				0C627A1A22339AFD00DEC534 /* Assets.xcassets */,
				0C8D2D4B2236378C004754D5 /* PrefixHeader.pch */,
				0C627A1F22339AFD00DEC534 /* Info.plist */,
				0C627A1C22339AFD00DEC534 /* LaunchScreen.storyboard */,
				0C627A2022339AFD00DEC534 /* main.m */,
			);
			path = JKSchool;
			sourceTree = "<group>";
		};
		0C627A2722339C8400DEC534 /* Health */ = {
			isa = PBXGroup;
			children = (
				0C627A3E2233A7A000DEC534 /* HealthViewController.h */,
				0C627A3F2233A7A000DEC534 /* HealthViewController.m */,
			);
			path = Health;
			sourceTree = "<group>";
		};
		0C627A2822339C8400DEC534 /* Mine */ = {
			isa = PBXGroup;
			children = (
				0C627A412233A7B600DEC534 /* MineViewController.h */,
				0C627A422233A7B600DEC534 /* MineViewController.m */,
			);
			path = Mine;
			sourceTree = "<group>";
		};
		0C627A2922339C8400DEC534 /* Message */ = {
			isa = PBXGroup;
			children = (
				0C627A3B2233A78400DEC534 /* MsgViewController.h */,
				0C627A3C2233A78400DEC534 /* MsgViewController.m */,
			);
			path = Message;
			sourceTree = "<group>";
		};
		0C627A372233A5EB00DEC534 /* Home */ = {
			isa = PBXGroup;
			children = (
				2FFEC2E823FACED200F923DC /* LeaveManageCell.h */,
				2FFEC2E723FACED100F923DC /* LeaveManageCell.m */,
				2FFEC2E023F83DD400F923DC /* IconsCell.h */,
				2FFEC2DF23F83DD300F923DC /* IconsCell.m */,
				0C463AB7226E15C200868AF1 /* HornCell.h */,
				0C463AB8226E15C200868AF1 /* HornCell.m */,
				0C1E788A225867420036A4E3 /* SampleCell.h */,
				0C1E7889225867420036A4E3 /* SampleCell.m */,
				0CF05B022237E4D00076F932 /* ScrollCell.h */,
				0CF05B032237E4D00076F932 /* ScrollCell.m */,
				0C627A382233A60B00DEC534 /* HomeViewController.h */,
				0C627A392233A60B00DEC534 /* HomeViewController.m */,
			);
			path = Home;
			sourceTree = "<group>";
		};
		2FA8522323F58A2B0052379D /* RDIconsView */ = {
			isa = PBXGroup;
			children = (
				2FA8522423F58A2B0052379D /* RDIconsView.h */,
				2FA8522523F58A2B0052379D /* RDIconsView.m */,
				2FA8522623F58A2B0052379D /* RDSlidePageControl.h */,
				2FA8522723F58A2B0052379D /* RDSlidePageControl.m */,
			);
			path = RDIconsView;
			sourceTree = "<group>";
		};
		2FA8522823F58A2B0052379D /* Category */ = {
			isa = PBXGroup;
			children = (
				2FA8522923F58A2B0052379D /* UIImageView+URLImage.h */,
				2FA8522A23F58A2B0052379D /* UIImageView+URLImage.m */,
			);
			path = Category;
			sourceTree = "<group>";
		};
		A988E32387995A262F768A84 /* Frameworks */ = {
			isa = PBXGroup;
			children = (
				F45E08A957570FB8C1315B5A /* libPods-JKSchool.a */,
			);
			name = Frameworks;
			sourceTree = "<group>";
		};
/* End PBXGroup section */

/* Begin PBXNativeTarget section */
		0C627A0D22339AFB00DEC534 /* JKSchool */ = {
			isa = PBXNativeTarget;
			buildConfigurationList = 0C627A2422339AFD00DEC534 /* Build configuration list for PBXNativeTarget "JKSchool" */;
			buildPhases = (
				C749C5741B2B2AD5ACD78BA6 /* [CP] Check Pods Manifest.lock */,
				0C627A0A22339AFB00DEC534 /* Sources */,
				0C627A0B22339AFB00DEC534 /* Frameworks */,
				0C627A0C22339AFB00DEC534 /* Resources */,
			);
			buildRules = (
			);
			dependencies = (
			);
			name = JKSchool;
			productName = JKSchool;
			productReference = 0C627A0E22339AFB00DEC534 /* JKSchool.app */;
			productType = "com.apple.product-type.application";
		};
/* End PBXNativeTarget section */

/* Begin PBXProject section */
		0C627A0622339AFB00DEC534 /* Project object */ = {
			isa = PBXProject;
			attributes = {
				LastUpgradeCheck = 1010;
				ORGANIZATIONNAME = radar;
				TargetAttributes = {
					0C627A0D22339AFB00DEC534 = {
						CreatedOnToolsVersion = 10.1;
					};
				};
			};
			buildConfigurationList = 0C627A0922339AFB00DEC534 /* Build configuration list for PBXProject "JKSchool" */;
			compatibilityVersion = "Xcode 9.3";
			developmentRegion = en;
			hasScannedForEncodings = 0;
			knownRegions = (
				en,
				Base,
			);
			mainGroup = 0C627A0522339AFB00DEC534;
			productRefGroup = 0C627A0F22339AFB00DEC534 /* Products */;
			projectDirPath = "";
			projectRoot = "";
			targets = (
				0C627A0D22339AFB00DEC534 /* JKSchool */,
			);
		};
/* End PBXProject section */

/* Begin PBXResourcesBuildPhase section */
		0C627A0C22339AFB00DEC534 /* Resources */ = {
			isa = PBXResourcesBuildPhase;
			buildActionMask = 2147483647;
			files = (
				0C627A1E22339AFD00DEC534 /* LaunchScreen.storyboard in Resources */,
				0C627A1B22339AFD00DEC534 /* Assets.xcassets in Resources */,
			);
			runOnlyForDeploymentPostprocessing = 0;
		};
/* End PBXResourcesBuildPhase section */

/* Begin PBXShellScriptBuildPhase section */
		C749C5741B2B2AD5ACD78BA6 /* [CP] Check Pods Manifest.lock */ = {
			isa = PBXShellScriptBuildPhase;
			buildActionMask = 2147483647;
			files = (
			);
			inputFileListPaths = (
			);
			inputPaths = (
				"${PODS_PODFILE_DIR_PATH}/Podfile.lock",
				"${PODS_ROOT}/Manifest.lock",
			);
			name = "[CP] Check Pods Manifest.lock";
			outputFileListPaths = (
			);
			outputPaths = (
				"$(DERIVED_FILE_DIR)/Pods-JKSchool-checkManifestLockResult.txt",
			);
			runOnlyForDeploymentPostprocessing = 0;
			shellPath = /bin/sh;
			shellScript = "diff \"${PODS_PODFILE_DIR_PATH}/Podfile.lock\" \"${PODS_ROOT}/Manifest.lock\" > /dev/null\nif [ $? != 0 ] ; then\n    # print error to STDERR\n    echo \"error: The sandbox is not in sync with the Podfile.lock. Run 'pod install' or update your CocoaPods installation.\" >&2\n    exit 1\nfi\n# This output is used by Xcode 'outputs' to avoid re-running this script phase.\necho \"SUCCESS\" > \"${SCRIPT_OUTPUT_FILE_0}\"\n";
			showEnvVarsInLog = 0;
		};
/* End PBXShellScriptBuildPhase section */

/* Begin PBXSourcesBuildPhase section */
		0C627A0A22339AFB00DEC534 /* Sources */ = {
			isa = PBXSourcesBuildPhase;
			buildActionMask = 2147483647;
			files = (
				0C1E788322585D3F0036A4E3 /* URLCache.m in Sources */,
				0C627A3D2233A78400DEC534 /* MsgViewController.m in Sources */,
				0C627A2122339AFD00DEC534 /* main.m in Sources */,
				0C308D8B224C4A5E000763DD /* DDImagePageScrollView.m in Sources */,
				0C627A1322339AFB00DEC534 /* AppDelegate.m in Sources */,
				0C463AB6226E0FD100868AF1 /* CMSHornView.m in Sources */,
				0C627A432233A7B600DEC534 /* MineViewController.m in Sources */,
				0CE5BF552258ACF800300C20 /* DDCenter.m in Sources */,
				2FFEC2E423F8451200F923DC /* UserInfo.m in Sources */,
				2FA8522B23F58A2B0052379D /* RDIconsView.m in Sources */,
				2FFEC2E923FACED300F923DC /* LeaveManageCell.m in Sources */,
				0C8D2D5222366303004754D5 /* JKFunction.m in Sources */,
				0C1E788B225867420036A4E3 /* SampleCell.m in Sources */,
				0C627A402233A7A000DEC534 /* HealthViewController.m in Sources */,
				2FA8522C23F58A2B0052379D /* RDSlidePageControl.m in Sources */,
				0CF05B042237E4D00076F932 /* ScrollCell.m in Sources */,
				0C1E788822585DC30036A4E3 /* DDTimer.m in Sources */,
				0C627A3A2233A60B00DEC534 /* HomeViewController.m in Sources */,
				2FA8522D23F58A2B0052379D /* UIImageView+URLImage.m in Sources */,
				0C463AB9226E15C200868AF1 /* HornCell.m in Sources */,
				0C1E788422585D3F0036A4E3 /* DDURLImageView.m in Sources */,
				0C2CB7422258FAAB000AD904 /* RegistViewController.m in Sources */,
				2FFEC2E123F83DD400F923DC /* IconsCell.m in Sources */,
				0C2CB73F2258FA60000AD904 /* LoginViewController.m in Sources */,
			);
			runOnlyForDeploymentPostprocessing = 0;
		};
/* End PBXSourcesBuildPhase section */

/* Begin PBXVariantGroup section */
		0C627A1C22339AFD00DEC534 /* LaunchScreen.storyboard */ = {
			isa = PBXVariantGroup;
			children = (
				0C627A1D22339AFD00DEC534 /* Base */,
			);
			name = LaunchScreen.storyboard;
			sourceTree = "<group>";
		};
/* End PBXVariantGroup section */

/* Begin XCBuildConfiguration section */
		0C627A2222339AFD00DEC534 /* Debug */ = {
			isa = XCBuildConfiguration;
			buildSettings = {
				ALWAYS_SEARCH_USER_PATHS = NO;
				CLANG_ANALYZER_NONNULL = YES;
				CLANG_ANALYZER_NUMBER_OBJECT_CONVERSION = YES_AGGRESSIVE;
				CLANG_CXX_LANGUAGE_STANDARD = "gnu++14";
				CLANG_CXX_LIBRARY = "libc++";
				CLANG_ENABLE_MODULES = YES;
				CLANG_ENABLE_OBJC_ARC = YES;
				CLANG_ENABLE_OBJC_WEAK = YES;
				CLANG_WARN_BLOCK_CAPTURE_AUTORELEASING = YES;
				CLANG_WARN_BOOL_CONVERSION = YES;
				CLANG_WARN_COMMA = YES;
				CLANG_WARN_CONSTANT_CONVERSION = YES;
				CLANG_WARN_DEPRECATED_OBJC_IMPLEMENTATIONS = YES;
				CLANG_WARN_DIRECT_OBJC_ISA_USAGE = YES_ERROR;
				CLANG_WARN_DOCUMENTATION_COMMENTS = YES;
				CLANG_WARN_EMPTY_BODY = YES;
				CLANG_WARN_ENUM_CONVERSION = YES;
				CLANG_WARN_INFINITE_RECURSION = YES;
				CLANG_WARN_INT_CONVERSION = YES;
				CLANG_WARN_NON_LITERAL_NULL_CONVERSION = YES;
				CLANG_WARN_OBJC_IMPLICIT_RETAIN_SELF = YES;
				CLANG_WARN_OBJC_LITERAL_CONVERSION = YES;
				CLANG_WARN_OBJC_ROOT_CLASS = YES_ERROR;
				CLANG_WARN_RANGE_LOOP_ANALYSIS = YES;
				CLANG_WARN_STRICT_PROTOTYPES = YES;
				CLANG_WARN_SUSPICIOUS_MOVE = YES;
				CLANG_WARN_UNGUARDED_AVAILABILITY = YES_AGGRESSIVE;
				CLANG_WARN_UNREACHABLE_CODE = YES;
				CLANG_WARN__DUPLICATE_METHOD_MATCH = YES;
				CODE_SIGN_IDENTITY = "iPhone Developer";
				COPY_PHASE_STRIP = NO;
				DEBUG_INFORMATION_FORMAT = dwarf;
				ENABLE_STRICT_OBJC_MSGSEND = YES;
				ENABLE_TESTABILITY = YES;
				GCC_C_LANGUAGE_STANDARD = gnu11;
				GCC_DYNAMIC_NO_PIC = NO;
				GCC_NO_COMMON_BLOCKS = YES;
				GCC_OPTIMIZATION_LEVEL = 0;
				GCC_PRECOMPILE_PREFIX_HEADER = YES;
				GCC_PREFIX_HEADER = JKSchool/PrefixHeader.pch;
				GCC_PREPROCESSOR_DEFINITIONS = (
					"DEBUG=1",
					"$(inherited)",
				);
				GCC_WARN_64_TO_32_BIT_CONVERSION = YES;
				GCC_WARN_ABOUT_RETURN_TYPE = YES_ERROR;
				GCC_WARN_UNDECLARED_SELECTOR = YES;
				GCC_WARN_UNINITIALIZED_AUTOS = YES_AGGRESSIVE;
				GCC_WARN_UNUSED_FUNCTION = YES;
				GCC_WARN_UNUSED_VARIABLE = YES;
				IPHONEOS_DEPLOYMENT_TARGET = 10.0;
				MTL_ENABLE_DEBUG_INFO = INCLUDE_SOURCE;
				MTL_FAST_MATH = YES;
				ONLY_ACTIVE_ARCH = YES;
				SDKROOT = iphoneos;
			};
			name = Debug;
		};
		0C627A2322339AFD00DEC534 /* Release */ = {
			isa = XCBuildConfiguration;
			buildSettings = {
				ALWAYS_SEARCH_USER_PATHS = NO;
				CLANG_ANALYZER_NONNULL = YES;
				CLANG_ANALYZER_NUMBER_OBJECT_CONVERSION = YES_AGGRESSIVE;
				CLANG_CXX_LANGUAGE_STANDARD = "gnu++14";
				CLANG_CXX_LIBRARY = "libc++";
				CLANG_ENABLE_MODULES = YES;
				CLANG_ENABLE_OBJC_ARC = YES;
				CLANG_ENABLE_OBJC_WEAK = YES;
				CLANG_WARN_BLOCK_CAPTURE_AUTORELEASING = YES;
				CLANG_WARN_BOOL_CONVERSION = YES;
				CLANG_WARN_COMMA = YES;
				CLANG_WARN_CONSTANT_CONVERSION = YES;
				CLANG_WARN_DEPRECATED_OBJC_IMPLEMENTATIONS = YES;
				CLANG_WARN_DIRECT_OBJC_ISA_USAGE = YES_ERROR;
				CLANG_WARN_DOCUMENTATION_COMMENTS = YES;
				CLANG_WARN_EMPTY_BODY = YES;
				CLANG_WARN_ENUM_CONVERSION = YES;
				CLANG_WARN_INFINITE_RECURSION = YES;
				CLANG_WARN_INT_CONVERSION = YES;
				CLANG_WARN_NON_LITERAL_NULL_CONVERSION = YES;
				CLANG_WARN_OBJC_IMPLICIT_RETAIN_SELF = YES;
				CLANG_WARN_OBJC_LITERAL_CONVERSION = YES;
				CLANG_WARN_OBJC_ROOT_CLASS = YES_ERROR;
				CLANG_WARN_RANGE_LOOP_ANALYSIS = YES;
				CLANG_WARN_STRICT_PROTOTYPES = YES;
				CLANG_WARN_SUSPICIOUS_MOVE = YES;
				CLANG_WARN_UNGUARDED_AVAILABILITY = YES_AGGRESSIVE;
				CLANG_WARN_UNREACHABLE_CODE = YES;
				CLANG_WARN__DUPLICATE_METHOD_MATCH = YES;
				CODE_SIGN_IDENTITY = "iPhone Developer";
				COPY_PHASE_STRIP = NO;
				DEBUG_INFORMATION_FORMAT = "dwarf-with-dsym";
				ENABLE_NS_ASSERTIONS = NO;
				ENABLE_STRICT_OBJC_MSGSEND = YES;
				GCC_C_LANGUAGE_STANDARD = gnu11;
				GCC_NO_COMMON_BLOCKS = YES;
				GCC_PRECOMPILE_PREFIX_HEADER = YES;
				GCC_PREFIX_HEADER = JKSchool/PrefixHeader.pch;
				GCC_WARN_64_TO_32_BIT_CONVERSION = YES;
				GCC_WARN_ABOUT_RETURN_TYPE = YES_ERROR;
				GCC_WARN_UNDECLARED_SELECTOR = YES;
				GCC_WARN_UNINITIALIZED_AUTOS = YES_AGGRESSIVE;
				GCC_WARN_UNUSED_FUNCTION = YES;
				GCC_WARN_UNUSED_VARIABLE = YES;
				IPHONEOS_DEPLOYMENT_TARGET = 10.0;
				MTL_ENABLE_DEBUG_INFO = NO;
				MTL_FAST_MATH = YES;
				SDKROOT = iphoneos;
				VALIDATE_PRODUCT = YES;
			};
			name = Release;
		};
		0C627A2522339AFD00DEC534 /* Debug */ = {
			isa = XCBuildConfiguration;
			baseConfigurationReference = E4FCE38072383688F6346AD2 /* Pods-JKSchool.debug.xcconfig */;
			buildSettings = {
				ASSETCATALOG_COMPILER_APPICON_NAME = AppIcon;
				CODE_SIGN_STYLE = Automatic;
				DEVELOPMENT_TEAM = ZC5ZC9QH42;
				INFOPLIST_FILE = JKSchool/Info.plist;
				LD_RUNPATH_SEARCH_PATHS = (
					"$(inherited)",
					"@executable_path/Frameworks",
				);
				PRODUCT_BUNDLE_IDENTIFIER = com.dangdang.JKSchool;
				PRODUCT_NAME = "$(TARGET_NAME)";
				TARGETED_DEVICE_FAMILY = 1;
			};
			name = Debug;
		};
		0C627A2622339AFD00DEC534 /* Release */ = {
			isa = XCBuildConfiguration;
			baseConfigurationReference = 14B747BD835948A13312CD33 /* Pods-JKSchool.release.xcconfig */;
			buildSettings = {
				ASSETCATALOG_COMPILER_APPICON_NAME = AppIcon;
				CODE_SIGN_STYLE = Automatic;
				DEVELOPMENT_TEAM = ZC5ZC9QH42;
				INFOPLIST_FILE = JKSchool/Info.plist;
				LD_RUNPATH_SEARCH_PATHS = (
					"$(inherited)",
					"@executable_path/Frameworks",
				);
				PRODUCT_BUNDLE_IDENTIFIER = com.dangdang.JKSchool;
				PRODUCT_NAME = "$(TARGET_NAME)";
				TARGETED_DEVICE_FAMILY = 1;
			};
			name = Release;
		};
/* End XCBuildConfiguration section */

/* Begin XCConfigurationList section */
		0C627A0922339AFB00DEC534 /* Build configuration list for PBXProject "JKSchool" */ = {
			isa = XCConfigurationList;
			buildConfigurations = (
				0C627A2222339AFD00DEC534 /* Debug */,
				0C627A2322339AFD00DEC534 /* Release */,
			);
			defaultConfigurationIsVisible = 0;
			defaultConfigurationName = Release;
		};
		0C627A2422339AFD00DEC534 /* Build configuration list for PBXNativeTarget "JKSchool" */ = {
			isa = XCConfigurationList;
			buildConfigurations = (
				0C627A2522339AFD00DEC534 /* Debug */,
				0C627A2622339AFD00DEC534 /* Release */,
			);
			defaultConfigurationIsVisible = 0;
			defaultConfigurationName = Release;
		};
/* End XCConfigurationList section */
	};
	rootObject = 0C627A0622339AFB00DEC534 /* Project object */;
}
